
Microsoft Visual Studio Solution File, Format Version 12.00
# Visual Studio Version 16
VisualStudioVersion = 16.0.30413.136
MinimumVisualStudioVersion = 10.0.40219.1
Project("{FAE04EC0-301F-11D3-BF4B-00C04F79EFBC}") = "DailyReport", "DailyReport\DailyReport.csproj", "{1C748720-3A7C-45DA-9EA7-2B219FF8E8CE}"
EndProject
Global
	GlobalSection(SolutionConfigurationPlatforms) = preSolution
		Debug|Any CPU = Debug|Any CPU
		Release|Any CPU = Release|Any CPU
	EndGlobalSection
	GlobalSection(ProjectConfigurationPlatforms) = postSolution
		{1C748720-3A7C-45DA-9EA7-2B219FF8E8CE}.Debug|Any CPU.ActiveCfg = Debug|Any CPU
		{1C748720-3A7C-45DA-9EA7-2B219FF8E8CE}.Debug|Any CPU.Build.0 = Debug|Any CPU
		{1C748720-3A7C-45DA-9EA7-2B219FF8E8CE}.Release|Any CPU.ActiveCfg = Release|Any CPU
		{1C748720-3A7C-45DA-9EA7-2B219FF8E8CE}.Release|Any CPU.Build.0 = Release|Any CPU
	EndGlobalSection
	GlobalSection(SolutionProperties) = preSolution
		HideSolutionNode = FALSE
	EndGlobalSection
	GlobalSection(ExtensibilityGlobals) = postSolution
		SolutionGuid = {B6E241F1-8B00-4FF3-9800-10D1CF2FA474}
	EndGlobalSection
EndGlobal
