
Microsoft Visual Studio Solution File, Format Version 12.00
# Visual Studio Version 16
VisualStudioVersion = 16.0.30413.136
MinimumVisualStudioVersion = 10.0.40219.1
Project("{FAE04EC0-301F-11D3-BF4B-00C04F79EFBC}") = "assignmentMethod3", "assignmentMethod3\assignmentMethod3.csproj", "{575CB43A-3051-495D-B977-F559D4664900}"
EndProject
Global
	GlobalSection(SolutionConfigurationPlatforms) = preSolution
		Debug|Any CPU = Debug|Any CPU
		Release|Any CPU = Release|Any CPU
	EndGlobalSection
	GlobalSection(ProjectConfigurationPlatforms) = postSolution
		{575CB43A-3051-495D-B977-F559D4664900}.Debug|Any CPU.ActiveCfg = Debug|Any CPU
		{575CB43A-3051-495D-B977-F559D4664900}.Debug|Any CPU.Build.0 = Debug|Any CPU
		{575CB43A-3051-495D-B977-F559D4664900}.Release|Any CPU.ActiveCfg = Release|Any CPU
		{575CB43A-3051-495D-B977-F559D4664900}.Release|Any CPU.Build.0 = Release|Any CPU
	EndGlobalSection
	GlobalSection(SolutionProperties) = preSolution
		HideSolutionNode = FALSE
	EndGlobalSection
	GlobalSection(ExtensibilityGlobals) = postSolution
		SolutionGuid = {0A3BAA54-ABD6-4ED6-A7C8-B85498A27EE3}
	EndGlobalSection
EndGlobal
