
Microsoft Visual Studio Solution File, Format Version 12.00
# Visual Studio Version 16
VisualStudioVersion = 16.0.30413.136
MinimumVisualStudioVersion = 10.0.40219.1
Project("{FAE04EC0-301F-11D3-BF4B-00C04F79EFBC}") = "Shipping_quote", "Shipping_quote\Shipping_quote.csproj", "{D2C091D3-8A52-4710-8F4E-E98632825E09}"
EndProject
Global
	GlobalSection(SolutionConfigurationPlatforms) = preSolution
		Debug|Any CPU = Debug|Any CPU
		Release|Any CPU = Release|Any CPU
	EndGlobalSection
	GlobalSection(ProjectConfigurationPlatforms) = postSolution
		{D2C091D3-8A52-4710-8F4E-E98632825E09}.Debug|Any CPU.ActiveCfg = Debug|Any CPU
		{D2C091D3-8A52-4710-8F4E-E98632825E09}.Debug|Any CPU.Build.0 = Debug|Any CPU
		{D2C091D3-8A52-4710-8F4E-E98632825E09}.Release|Any CPU.ActiveCfg = Release|Any CPU
		{D2C091D3-8A52-4710-8F4E-E98632825E09}.Release|Any CPU.Build.0 = Release|Any CPU
	EndGlobalSection
	GlobalSection(SolutionProperties) = preSolution
		HideSolutionNode = FALSE
	EndGlobalSection
	GlobalSection(ExtensibilityGlobals) = postSolution
		SolutionGuid = {00C46DFC-B156-4B52-8752-45601B194AA8}
	EndGlobalSection
EndGlobal
