
Microsoft Visual Studio Solution File, Format Version 12.00
# Visual Studio Version 16
VisualStudioVersion = 16.0.30413.136
MinimumVisualStudioVersion = 10.0.40219.1
Project("{FAE04EC0-301F-11D3-BF4B-00C04F79EFBC}") = "assignmentMethod2", "assignmentMethod2\assignmentMethod2.csproj", "{F669F1DE-C76D-4C9B-ADCF-D87F46452CEE}"
EndProject
Global
	GlobalSection(SolutionConfigurationPlatforms) = preSolution
		Debug|Any CPU = Debug|Any CPU
		Release|Any CPU = Release|Any CPU
	EndGlobalSection
	GlobalSection(ProjectConfigurationPlatforms) = postSolution
		{F669F1DE-C76D-4C9B-ADCF-D87F46452CEE}.Debug|Any CPU.ActiveCfg = Debug|Any CPU
		{F669F1DE-C76D-4C9B-ADCF-D87F46452CEE}.Debug|Any CPU.Build.0 = Debug|Any CPU
		{F669F1DE-C76D-4C9B-ADCF-D87F46452CEE}.Release|Any CPU.ActiveCfg = Release|Any CPU
		{F669F1DE-C76D-4C9B-ADCF-D87F46452CEE}.Release|Any CPU.Build.0 = Release|Any CPU
	EndGlobalSection
	GlobalSection(SolutionProperties) = preSolution
		HideSolutionNode = FALSE
	EndGlobalSection
	GlobalSection(ExtensibilityGlobals) = postSolution
		SolutionGuid = {1811E991-D6E5-476A-B663-C7F710E83D6F}
	EndGlobalSection
EndGlobal
