
Microsoft Visual Studio Solution File, Format Version 12.00
# Visual Studio Version 16
VisualStudioVersion = 16.0.30413.136
MinimumVisualStudioVersion = 10.0.40219.1
Project("{FAE04EC0-301F-11D3-BF4B-00C04F79EFBC}") = "AssignementMethod", "AssignementMethod\AssignementMethod.csproj", "{61CC7F43-9B7D-44D1-A0E3-215B5A7AA6B9}"
EndProject
Global
	GlobalSection(SolutionConfigurationPlatforms) = preSolution
		Debug|Any CPU = Debug|Any CPU
		Release|Any CPU = Release|Any CPU
	EndGlobalSection
	GlobalSection(ProjectConfigurationPlatforms) = postSolution
		{61CC7F43-9B7D-44D1-A0E3-215B5A7AA6B9}.Debug|Any CPU.ActiveCfg = Debug|Any CPU
		{61CC7F43-9B7D-44D1-A0E3-215B5A7AA6B9}.Debug|Any CPU.Build.0 = Debug|Any CPU
		{61CC7F43-9B7D-44D1-A0E3-215B5A7AA6B9}.Release|Any CPU.ActiveCfg = Release|Any CPU
		{61CC7F43-9B7D-44D1-A0E3-215B5A7AA6B9}.Release|Any CPU.Build.0 = Release|Any CPU
	EndGlobalSection
	GlobalSection(SolutionProperties) = preSolution
		HideSolutionNode = FALSE
	EndGlobalSection
	GlobalSection(ExtensibilityGlobals) = postSolution
		SolutionGuid = {84949BCC-FBBC-49A4-9CA1-82DE1BD10313}
	EndGlobalSection
EndGlobal
