
Microsoft Visual Studio Solution File, Format Version 12.00
# Visual Studio Version 16
VisualStudioVersion = 16.0.30413.136
MinimumVisualStudioVersion = 10.0.40219.1
Project("{FAE04EC0-301F-11D3-BF4B-00C04F79EFBC}") = "assignmentMethod4", "assignmentMethod4\assignmentMethod4.csproj", "{EC99DF38-FBA5-497C-AF01-181196E6814D}"
EndProject
Global
	GlobalSection(SolutionConfigurationPlatforms) = preSolution
		Debug|Any CPU = Debug|Any CPU
		Release|Any CPU = Release|Any CPU
	EndGlobalSection
	GlobalSection(ProjectConfigurationPlatforms) = postSolution
		{EC99DF38-FBA5-497C-AF01-181196E6814D}.Debug|Any CPU.ActiveCfg = Debug|Any CPU
		{EC99DF38-FBA5-497C-AF01-181196E6814D}.Debug|Any CPU.Build.0 = Debug|Any CPU
		{EC99DF38-FBA5-497C-AF01-181196E6814D}.Release|Any CPU.ActiveCfg = Release|Any CPU
		{EC99DF38-FBA5-497C-AF01-181196E6814D}.Release|Any CPU.Build.0 = Release|Any CPU
	EndGlobalSection
	GlobalSection(SolutionProperties) = preSolution
		HideSolutionNode = FALSE
	EndGlobalSection
	GlobalSection(ExtensibilityGlobals) = postSolution
		SolutionGuid = {26BD3321-6352-4068-AC92-6C88298CC035}
	EndGlobalSection
EndGlobal
